
Microsoft Visual Studio Solution File, Format Version 12.00
# Visual Studio 15
VisualStudioVersion = 15.0.28010.2003
MinimumVisualStudioVersion = 10.0.40219.1
Project("{FAE04EC0-301F-11D3-BF4B-00C04F79EFBC}") = "FirstDotNetApplication", "FirstDotNetApplication\FirstDotNetApplication.csproj", "{203BEF79-BFBA-4EBC-BB51-9F626072B74D}"
EndProject
Global
	GlobalSection(SolutionConfigurationPlatforms) = preSolution
		Debug|Any CPU = Debug|Any CPU
		Release|Any CPU = Release|Any CPU
	EndGlobalSection
	GlobalSection(ProjectConfigurationPlatforms) = postSolution
		{203BEF79-BFBA-4EBC-BB51-9F626072B74D}.Debug|Any CPU.ActiveCfg = Debug|Any CPU
		{203BEF79-BFBA-4EBC-BB51-9F626072B74D}.Debug|Any CPU.Build.0 = Debug|Any CPU
		{203BEF79-BFBA-4EBC-BB51-9F626072B74D}.Release|Any CPU.ActiveCfg = Release|Any CPU
		{203BEF79-BFBA-4EBC-BB51-9F626072B74D}.Release|Any CPU.Build.0 = Release|Any CPU
	EndGlobalSection
	GlobalSection(SolutionProperties) = preSolution
		HideSolutionNode = FALSE
	EndGlobalSection
	GlobalSection(ExtensibilityGlobals) = postSolution
		SolutionGuid = {36F446E0-02B4-4AA8-B1DC-5E58628F1273}
	EndGlobalSection
EndGlobal
